
Microsoft Visual Studio Solution File, Format Version 12.00
# Visual Studio Version 17
VisualStudioVersion = 17.5.33424.131
MinimumVisualStudioVersion = 10.0.40219.1
Project("{FAE04EC0-301F-11D3-BF4B-00C04F79EFBC}") = "MarkovDotnetCoreNotFriendly2", "MarkovDotnetCoreNotFriendly2\MarkovDotnetCoreNotFriendly2.csproj", "{AB4050D0-B817-4EC0-BE7B-E8F1E5A906D5}"
EndProject
Global
	GlobalSection(SolutionConfigurationPlatforms) = preSolution
		Debug|Any CPU = Debug|Any CPU
		Release|Any CPU = Release|Any CPU
	EndGlobalSection
	GlobalSection(ProjectConfigurationPlatforms) = postSolution
		{AB4050D0-B817-4EC0-BE7B-E8F1E5A906D5}.Debug|Any CPU.ActiveCfg = Debug|Any CPU
		{AB4050D0-B817-4EC0-BE7B-E8F1E5A906D5}.Debug|Any CPU.Build.0 = Debug|Any CPU
		{AB4050D0-B817-4EC0-BE7B-E8F1E5A906D5}.Release|Any CPU.ActiveCfg = Release|Any CPU
		{AB4050D0-B817-4EC0-BE7B-E8F1E5A906D5}.Release|Any CPU.Build.0 = Release|Any CPU
	EndGlobalSection
	GlobalSection(SolutionProperties) = preSolution
		HideSolutionNode = FALSE
	EndGlobalSection
	GlobalSection(ExtensibilityGlobals) = postSolution
		SolutionGuid = {20ED8AC0-4412-4721-9F75-19C85472D578}
	EndGlobalSection
EndGlobal
